
Microsoft Visual Studio Solution File, Format Version 12.00
# Visual Studio Version 17
VisualStudioVersion = 17.6.33815.320
MinimumVisualStudioVersion = 10.0.40219.1
Project("{FAE04EC0-301F-11D3-BF4B-00C04F79EFBC}") = "wyzwanie21", "wyzwanie21\wyzwanie21.csproj", "{F0B02544-88E5-4145-8D01-2F25C36F643B}"
EndProject
Global
	GlobalSection(SolutionConfigurationPlatforms) = preSolution
		Debug|Any CPU = Debug|Any CPU
		Release|Any CPU = Release|Any CPU
	EndGlobalSection
	GlobalSection(ProjectConfigurationPlatforms) = postSolution
		{F0B02544-88E5-4145-8D01-2F25C36F643B}.Debug|Any CPU.ActiveCfg = Debug|Any CPU
		{F0B02544-88E5-4145-8D01-2F25C36F643B}.Debug|Any CPU.Build.0 = Debug|Any CPU
		{F0B02544-88E5-4145-8D01-2F25C36F643B}.Release|Any CPU.ActiveCfg = Release|Any CPU
		{F0B02544-88E5-4145-8D01-2F25C36F643B}.Release|Any CPU.Build.0 = Release|Any CPU
	EndGlobalSection
	GlobalSection(SolutionProperties) = preSolution
		HideSolutionNode = FALSE
	EndGlobalSection
	GlobalSection(ExtensibilityGlobals) = postSolution
		SolutionGuid = {D0C1F4C9-57E3-4B40-8950-8B626198002A}
	EndGlobalSection
EndGlobal
